// !$*UTF8*$!
{
	archiveVersion = 1;
	classes = {
	};
	objectVersion = 46;
	objects = {

/* Begin PBXBuildFile section */
		3C6F1A801BE2A68500F310C9 /* main.m in Sources */ = {isa = PBXBuildFile; fileRef = 3C6F1A7F1BE2A68500F310C9 /* main.m */; };
		3C6F1A831BE2A68500F310C9 /* AppDelegate.m in Sources */ = {isa = PBXBuildFile; fileRef = 3C6F1A821BE2A68500F310C9 /* AppDelegate.m */; };
		3C6F1A861BE2A68500F310C9 /* ViewController.m in Sources */ = {isa = PBXBuildFile; fileRef = 3C6F1A851BE2A68500F310C9 /* ViewController.m */; };
		3C6F1A891BE2A68500F310C9 /* Main.storyboard in Resources */ = {isa = PBXBuildFile; fileRef = 3C6F1A871BE2A68500F310C9 /* Main.storyboard */; };
		3C6F1A8B1BE2A68500F310C9 /* Assets.xcassets in Resources */ = {isa = PBXBuildFile; fileRef = 3C6F1A8A1BE2A68500F310C9 /* Assets.xcassets */; };
		3C6F1A8E1BE2A68500F310C9 /* LaunchScreen.storyboard in Resources */ = {isa = PBXBuildFile; fileRef = 3C6F1A8C1BE2A68500F310C9 /* LaunchScreen.storyboard */; };
		3C6F1A991BE2A68500F310C9 /* getItWrongTests.m in Sources */ = {isa = PBXBuildFile; fileRef = 3C6F1A981BE2A68500F310C9 /* getItWrongTests.m */; };
		3C6F1AA41BE2A68500F310C9 /* getItWrongUITests.m in Sources */ = {isa = PBXBuildFile; fileRef = 3C6F1AA31BE2A68500F310C9 /* getItWrongUITests.m */; };
/* End PBXBuildFile section */

/* Begin PBXContainerItemProxy section */
		3C6F1A951BE2A68500F310C9 /* PBXContainerItemProxy */ = {
			isa = PBXContainerItemProxy;
			containerPortal = 3C6F1A731BE2A68500F310C9 /* Project object */;
			proxyType = 1;
			remoteGlobalIDString = 3C6F1A7A1BE2A68500F310C9;
			remoteInfo = getItWrong;
		};
		3C6F1AA01BE2A68500F310C9 /* PBXContainerItemProxy */ = {
			isa = PBXContainerItemProxy;
			containerPortal = 3C6F1A731BE2A68500F310C9 /* Project object */;
			proxyType = 1;
			remoteGlobalIDString = 3C6F1A7A1BE2A68500F310C9;
			remoteInfo = getItWrong;
		};
/* End PBXContainerItemProxy section */

/* Begin PBXFileReference section */
		3C6F1A7B1BE2A68500F310C9 /* getItWrong.app */ = {isa = PBXFileReference; explicitFileType = wrapper.application; includeInIndex = 0; path = getItWrong.app; sourceTree = BUILT_PRODUCTS_DIR; };
		3C6F1A7F1BE2A68500F310C9 /* main.m */ = {isa = PBXFileReference; lastKnownFileType = sourcecode.c.objc; path = main.m; sourceTree = "<group>"; };
		3C6F1A811BE2A68500F310C9 /* AppDelegate.h */ = {isa = PBXFileReference; lastKnownFileType = sourcecode.c.h; path = AppDelegate.h; sourceTree = "<group>"; };
		3C6F1A821BE2A68500F310C9 /* AppDelegate.m */ = {isa = PBXFileReference; lastKnownFileType = sourcecode.c.objc; path = AppDelegate.m; sourceTree = "<group>"; };
		3C6F1A841BE2A68500F310C9 /* ViewController.h */ = {isa = PBXFileReference; lastKnownFileType = sourcecode.c.h; path = ViewController.h; sourceTree = "<group>"; };
		3C6F1A851BE2A68500F310C9 /* ViewController.m */ = {isa = PBXFileReference; lastKnownFileType = sourcecode.c.objc; path = ViewController.m; sourceTree = "<group>"; };
		3C6F1A881BE2A68500F310C9 /* Base */ = {isa = PBXFileReference; lastKnownFileType = file.storyboard; name = Base; path = Base.lproj/Main.storyboard; sourceTree = "<group>"; };
		3C6F1A8A1BE2A68500F310C9 /* Assets.xcassets */ = {isa = PBXFileReference; lastKnownFileType = folder.assetcatalog; path = Assets.xcassets; sourceTree = "<group>"; };
		3C6F1A8D1BE2A68500F310C9 /* Base */ = {isa = PBXFileReference; lastKnownFileType = file.storyboard; name = Base; path = Base.lproj/LaunchScreen.storyboard; sourceTree = "<group>"; };
		3C6F1A8F1BE2A68500F310C9 /* Info.plist */ = {isa = PBXFileReference; lastKnownFileType = text.plist.xml; path = Info.plist; sourceTree = "<group>"; };
		3C6F1A941BE2A68500F310C9 /* getItWrongTests.xctest */ = {isa = PBXFileReference; explicitFileType = wrapper.cfbundle; includeInIndex = 0; path = getItWrongTests.xctest; sourceTree = BUILT_PRODUCTS_DIR; };
		3C6F1A981BE2A68500F310C9 /* getItWrongTests.m */ = {isa = PBXFileReference; lastKnownFileType = sourcecode.c.objc; path = getItWrongTests.m; sourceTree = "<group>"; };
		3C6F1A9A1BE2A68500F310C9 /* Info.plist */ = {isa = PBXFileReference; lastKnownFileType = text.plist.xml; path = Info.plist; sourceTree = "<group>"; };
		3C6F1A9F1BE2A68500F310C9 /* getItWrongUITests.xctest */ = {isa = PBXFileReference; explicitFileType = wrapper.cfbundle; includeInIndex = 0; path = getItWrongUITests.xctest; sourceTree = BUILT_PRODUCTS_DIR; };
		3C6F1AA31BE2A68500F310C9 /* getItWrongUITests.m */ = {isa = PBXFileReference; lastKnownFileType = sourcecode.c.objc; path = getItWrongUITests.m; sourceTree = "<group>"; };
		3C6F1AA51BE2A68500F310C9 /* Info.plist */ = {isa = PBXFileReference; lastKnownFileType = text.plist.xml; path = Info.plist; sourceTree = "<group>"; };
/* End PBXFileReference section */

/* Begin PBXFrameworksBuildPhase section */
		3C6F1A781BE2A68500F310C9 /* Frameworks */ = {
			isa = PBXFrameworksBuildPhase;
			buildActionMask = 2147483647;
			files = (
			);
			runOnlyForDeploymentPostprocessing = 0;
		};
		3C6F1A911BE2A68500F310C9 /* Frameworks */ = {
			isa = PBXFrameworksBuildPhase;
			buildActionMask = 2147483647;
			files = (
			);
			runOnlyForDeploymentPostprocessing = 0;
		};
		3C6F1A9C1BE2A68500F310C9 /* Frameworks */ = {
			isa = PBXFrameworksBuildPhase;
			buildActionMask = 2147483647;
			files = (
			);
			runOnlyForDeploymentPostprocessing = 0;
		};
/* End PBXFrameworksBuildPhase section */

/* Begin PBXGroup section */
		3C6F1A721BE2A68500F310C9 = {
			isa = PBXGroup;
			children = (
				3C6F1A7D1BE2A68500F310C9 /* getItWrong */,
				3C6F1A971BE2A68500F310C9 /* getItWrongTests */,
				3C6F1AA21BE2A68500F310C9 /* getItWrongUITests */,
				3C6F1A7C1BE2A68500F310C9 /* Products */,
			);
			sourceTree = "<group>";
		};
		3C6F1A7C1BE2A68500F310C9 /* Products */ = {
			isa = PBXGroup;
			children = (
				3C6F1A7B1BE2A68500F310C9 /* getItWrong.app */,
				3C6F1A941BE2A68500F310C9 /* getItWrongTests.xctest */,
				3C6F1A9F1BE2A68500F310C9 /* getItWrongUITests.xctest */,
			);
			name = Products;
			sourceTree = "<group>";
		};
		3C6F1A7D1BE2A68500F310C9 /* getItWrong */ = {
			isa = PBXGroup;
			children = (
				3C6F1A811BE2A68500F310C9 /* AppDelegate.h */,
				3C6F1A821BE2A68500F310C9 /* AppDelegate.m */,
				3C6F1A841BE2A68500F310C9 /* ViewController.h */,
				3C6F1A851BE2A68500F310C9 /* ViewController.m */,
				3C6F1A871BE2A68500F310C9 /* Main.storyboard */,
				3C6F1A8A1BE2A68500F310C9 /* Assets.xcassets */,
				3C6F1A8C1BE2A68500F310C9 /* LaunchScreen.storyboard */,
				3C6F1A8F1BE2A68500F310C9 /* Info.plist */,
				3C6F1A7E1BE2A68500F310C9 /* Supporting Files */,
			);
			path = getItWrong;
			sourceTree = "<group>";
		};
		3C6F1A7E1BE2A68500F310C9 /* Supporting Files */ = {
			isa = PBXGroup;
			children = (
				3C6F1A7F1BE2A68500F310C9 /* main.m */,
			);
			name = "Supporting Files";
			sourceTree = "<group>";
		};
		3C6F1A971BE2A68500F310C9 /* getItWrongTests */ = {
			isa = PBXGroup;
			children = (
				3C6F1A981BE2A68500F310C9 /* getItWrongTests.m */,
				3C6F1A9A1BE2A68500F310C9 /* Info.plist */,
			);
			path = getItWrongTests;
			sourceTree = "<group>";
		};
		3C6F1AA21BE2A68500F310C9 /* getItWrongUITests */ = {
			isa = PBXGroup;
			children = (
				3C6F1AA31BE2A68500F310C9 /* getItWrongUITests.m */,
				3C6F1AA51BE2A68500F310C9 /* Info.plist */,
			);
			path = getItWrongUITests;
			sourceTree = "<group>";
		};
/* End PBXGroup section */

/* Begin PBXNativeTarget section */
		3C6F1A7A1BE2A68500F310C9 /* getItWrong */ = {
			isa = PBXNativeTarget;
			buildConfigurationList = 3C6F1AA81BE2A68500F310C9 /* Build configuration list for PBXNativeTarget "getItWrong" */;
			buildPhases = (
				3C6F1A771BE2A68500F310C9 /* Sources */,
				3C6F1A781BE2A68500F310C9 /* Frameworks */,
				3C6F1A791BE2A68500F310C9 /* Resources */,
			);
			buildRules = (
			);
			dependencies = (
			);
			name = getItWrong;
			productName = getItWrong;
			productReference = 3C6F1A7B1BE2A68500F310C9 /* getItWrong.app */;
			productType = "com.apple.product-type.application";
		};
		3C6F1A931BE2A68500F310C9 /* getItWrongTests */ = {
			isa = PBXNativeTarget;
			buildConfigurationList = 3C6F1AAB1BE2A68500F310C9 /* Build configuration list for PBXNativeTarget "getItWrongTests" */;
			buildPhases = (
				3C6F1A901BE2A68500F310C9 /* Sources */,
				3C6F1A911BE2A68500F310C9 /* Frameworks */,
				3C6F1A921BE2A68500F310C9 /* Resources */,
			);
			buildRules = (
			);
			dependencies = (
				3C6F1A961BE2A68500F310C9 /* PBXTargetDependency */,
			);
			name = getItWrongTests;
			productName = getItWrongTests;
			productReference = 3C6F1A941BE2A68500F310C9 /* getItWrongTests.xctest */;
			productType = "com.apple.product-type.bundle.unit-test";
		};
		3C6F1A9E1BE2A68500F310C9 /* getItWrongUITests */ = {
			isa = PBXNativeTarget;
			buildConfigurationList = 3C6F1AAE1BE2A68500F310C9 /* Build configuration list for PBXNativeTarget "getItWrongUITests" */;
			buildPhases = (
				3C6F1A9B1BE2A68500F310C9 /* Sources */,
				3C6F1A9C1BE2A68500F310C9 /* Frameworks */,
				3C6F1A9D1BE2A68500F310C9 /* Resources */,
			);
			buildRules = (
			);
			dependencies = (
				3C6F1AA11BE2A68500F310C9 /* PBXTargetDependency */,
			);
			name = getItWrongUITests;
			productName = getItWrongUITests;
			productReference = 3C6F1A9F1BE2A68500F310C9 /* getItWrongUITests.xctest */;
			productType = "com.apple.product-type.bundle.ui-testing";
		};
/* End PBXNativeTarget section */

/* Begin PBXProject section */
		3C6F1A731BE2A68500F310C9 /* Project object */ = {
			isa = PBXProject;
			attributes = {
				LastUpgradeCheck = 0710;
				ORGANIZATIONNAME = luke;
				TargetAttributes = {
					3C6F1A7A1BE2A68500F310C9 = {
						CreatedOnToolsVersion = 7.1;
					};
					3C6F1A931BE2A68500F310C9 = {
						CreatedOnToolsVersion = 7.1;
						TestTargetID = 3C6F1A7A1BE2A68500F310C9;
					};
					3C6F1A9E1BE2A68500F310C9 = {
						CreatedOnToolsVersion = 7.1;
						TestTargetID = 3C6F1A7A1BE2A68500F310C9;
					};
				};
			};
			buildConfigurationList = 3C6F1A761BE2A68500F310C9 /* Build configuration list for PBXProject "getItWrong" */;
			compatibilityVersion = "Xcode 3.2";
			developmentRegion = English;
			hasScannedForEncodings = 0;
			knownRegions = (
				en,
				Base,
			);
			mainGroup = 3C6F1A721BE2A68500F310C9;
			productRefGroup = 3C6F1A7C1BE2A68500F310C9 /* Products */;
			projectDirPath = "";
			projectRoot = "";
			targets = (
				3C6F1A7A1BE2A68500F310C9 /* getItWrong */,
				3C6F1A931BE2A68500F310C9 /* getItWrongTests */,
				3C6F1A9E1BE2A68500F310C9 /* getItWrongUITests */,
			);
		};
/* End PBXProject section */

/* Begin PBXResourcesBuildPhase section */
		3C6F1A791BE2A68500F310C9 /* Resources */ = {
			isa = PBXResourcesBuildPhase;
			buildActionMask = 2147483647;
			files = (
				3C6F1A8E1BE2A68500F310C9 /* LaunchScreen.storyboard in Resources */,
				3C6F1A8B1BE2A68500F310C9 /* Assets.xcassets in Resources */,
				3C6F1A891BE2A68500F310C9 /* Main.storyboard in Resources */,
			);
			runOnlyForDeploymentPostprocessing = 0;
		};
		3C6F1A921BE2A68500F310C9 /* Resources */ = {
			isa = PBXResourcesBuildPhase;
			buildActionMask = 2147483647;
			files = (
			);
			runOnlyForDeploymentPostprocessing = 0;
		};
		3C6F1A9D1BE2A68500F310C9 /* Resources */ = {
			isa = PBXResourcesBuildPhase;
			buildActionMask = 2147483647;
			files = (
			);
			runOnlyForDeploymentPostprocessing = 0;
		};
/* End PBXResourcesBuildPhase section */

/* Begin PBXSourcesBuildPhase section */
		3C6F1A771BE2A68500F310C9 /* Sources */ = {
			isa = PBXSourcesBuildPhase;
			buildActionMask = 2147483647;
			files = (
				3C6F1A861BE2A68500F310C9 /* ViewController.m in Sources */,
				3C6F1A831BE2A68500F310C9 /* AppDelegate.m in Sources */,
				3C6F1A801BE2A68500F310C9 /* main.m in Sources */,
			);
			runOnlyForDeploymentPostprocessing = 0;
		};
		3C6F1A901BE2A68500F310C9 /* Sources */ = {
			isa = PBXSourcesBuildPhase;
			buildActionMask = 2147483647;
			files = (
				3C6F1A991BE2A68500F310C9 /* getItWrongTests.m in Sources */,
			);
			runOnlyForDeploymentPostprocessing = 0;
		};
		3C6F1A9B1BE2A68500F310C9 /* Sources */ = {
			isa = PBXSourcesBuildPhase;
			buildActionMask = 2147483647;
			files = (
				3C6F1AA41BE2A68500F310C9 /* getItWrongUITests.m in Sources */,
			);
			runOnlyForDeploymentPostprocessing = 0;
		};
/* End PBXSourcesBuildPhase section */

/* Begin PBXTargetDependency section */
		3C6F1A961BE2A68500F310C9 /* PBXTargetDependency */ = {
			isa = PBXTargetDependency;
			target = 3C6F1A7A1BE2A68500F310C9 /* getItWrong */;
			targetProxy = 3C6F1A951BE2A68500F310C9 /* PBXContainerItemProxy */;
		};
		3C6F1AA11BE2A68500F310C9 /* PBXTargetDependency */ = {
			isa = PBXTargetDependency;
			target = 3C6F1A7A1BE2A68500F310C9 /* getItWrong */;
			targetProxy = 3C6F1AA01BE2A68500F310C9 /* PBXContainerItemProxy */;
		};
/* End PBXTargetDependency section */

/* Begin PBXVariantGroup section */
		3C6F1A871BE2A68500F310C9 /* Main.storyboard */ = {
			isa = PBXVariantGroup;
			children = (
				3C6F1A881BE2A68500F310C9 /* Base */,
			);
			name = Main.storyboard;
			sourceTree = "<group>";
		};
		3C6F1A8C1BE2A68500F310C9 /* LaunchScreen.storyboard */ = {
			isa = PBXVariantGroup;
			children = (
				3C6F1A8D1BE2A68500F310C9 /* Base */,
			);
			name = LaunchScreen.storyboard;
			sourceTree = "<group>";
		};
/* End PBXVariantGroup section */

/* Begin XCBuildConfiguration section */
		3C6F1AA61BE2A68500F310C9 /* Debug */ = {
			isa = XCBuildConfiguration;
			buildSettings = {
				ALWAYS_SEARCH_USER_PATHS = NO;
				CLANG_CXX_LANGUAGE_STANDARD = "gnu++0x";
				CLANG_CXX_LIBRARY = "libc++";
				CLANG_ENABLE_MODULES = YES;
				CLANG_ENABLE_OBJC_ARC = YES;
				CLANG_WARN_BOOL_CONVERSION = YES;
				CLANG_WARN_CONSTANT_CONVERSION = YES;
				CLANG_WARN_DIRECT_OBJC_ISA_USAGE = YES_ERROR;
				CLANG_WARN_EMPTY_BODY = YES;
				CLANG_WARN_ENUM_CONVERSION = YES;
				CLANG_WARN_INT_CONVERSION = YES;
				CLANG_WARN_OBJC_ROOT_CLASS = YES_ERROR;
				CLANG_WARN_UNREACHABLE_CODE = YES;
				CLANG_WARN__DUPLICATE_METHOD_MATCH = YES;
				"CODE_SIGN_IDENTITY[sdk=iphoneos*]" = "iPhone Developer";
				COPY_PHASE_STRIP = NO;
				DEBUG_INFORMATION_FORMAT = dwarf;
				ENABLE_STRICT_OBJC_MSGSEND = YES;
				ENABLE_TESTABILITY = YES;
				GCC_C_LANGUAGE_STANDARD = gnu99;
				GCC_DYNAMIC_NO_PIC = NO;
				GCC_NO_COMMON_BLOCKS = YES;
				GCC_OPTIMIZATION_LEVEL = 0;
				GCC_PREPROCESSOR_DEFINITIONS = (
					"DEBUG=1",
					"$(inherited)",
				);
				GCC_WARN_64_TO_32_BIT_CONVERSION = YES;
				GCC_WARN_ABOUT_RETURN_TYPE = YES_ERROR;
				GCC_WARN_UNDECLARED_SELECTOR = YES;
				GCC_WARN_UNINITIALIZED_AUTOS = YES_AGGRESSIVE;
				GCC_WARN_UNUSED_FUNCTION = YES;
				GCC_WARN_UNUSED_VARIABLE = YES;
				IPHONEOS_DEPLOYMENT_TARGET = 9.1;
				MTL_ENABLE_DEBUG_INFO = YES;
				ONLY_ACTIVE_ARCH = YES;
				SDKROOT = iphoneos;
				TARGETED_DEVICE_FAMILY = "1,2";
			};
			name = Debug;
		};
		3C6F1AA71BE2A68500F310C9 /* Release */ = {
			isa = XCBuildConfiguration;
			buildSettings = {
				ALWAYS_SEARCH_USER_PATHS = NO;
				CLANG_CXX_LANGUAGE_STANDARD = "gnu++0x";
				CLANG_CXX_LIBRARY = "libc++";
				CLANG_ENABLE_MODULES = YES;
				CLANG_ENABLE_OBJC_ARC = YES;
				CLANG_WARN_BOOL_CONVERSION = YES;
				CLANG_WARN_CONSTANT_CONVERSION = YES;
				CLANG_WARN_DIRECT_OBJC_ISA_USAGE = YES_ERROR;
				CLANG_WARN_EMPTY_BODY = YES;
				CLANG_WARN_ENUM_CONVERSION = YES;
				CLANG_WARN_INT_CONVERSION = YES;
				CLANG_WARN_OBJC_ROOT_CLASS = YES_ERROR;
				CLANG_WARN_UNREACHABLE_CODE = YES;
				CLANG_WARN__DUPLICATE_METHOD_MATCH = YES;
				"CODE_SIGN_IDENTITY[sdk=iphoneos*]" = "iPhone Developer";
				COPY_PHASE_STRIP = NO;
				DEBUG_INFORMATION_FORMAT = "dwarf-with-dsym";
				ENABLE_NS_ASSERTIONS = NO;
				ENABLE_STRICT_OBJC_MSGSEND = YES;
				GCC_C_LANGUAGE_STANDARD = gnu99;
				GCC_NO_COMMON_BLOCKS = YES;
				GCC_WARN_64_TO_32_BIT_CONVERSION = YES;
				GCC_WARN_ABOUT_RETURN_TYPE = YES_ERROR;
				GCC_WARN_UNDECLARED_SELECTOR = YES;
				GCC_WARN_UNINITIALIZED_AUTOS = YES_AGGRESSIVE;
				GCC_WARN_UNUSED_FUNCTION = YES;
				GCC_WARN_UNUSED_VARIABLE = YES;
				IPHONEOS_DEPLOYMENT_TARGET = 9.1;
				MTL_ENABLE_DEBUG_INFO = NO;
				SDKROOT = iphoneos;
				TARGETED_DEVICE_FAMILY = "1,2";
				VALIDATE_PRODUCT = YES;
			};
			name = Release;
		};
		3C6F1AA91BE2A68500F310C9 /* Debug */ = {
			isa = XCBuildConfiguration;
			buildSettings = {
				ASSETCATALOG_COMPILER_APPICON_NAME = AppIcon;
				INFOPLIST_FILE = getItWrong/Info.plist;
				LD_RUNPATH_SEARCH_PATHS = "$(inherited) @executable_path/Frameworks";
				PRODUCT_BUNDLE_IDENTIFIER = com.luke.getItWrong;
				PRODUCT_NAME = "$(TARGET_NAME)";
			};
			name = Debug;
		};
		3C6F1AAA1BE2A68500F310C9 /* Release */ = {
			isa = XCBuildConfiguration;
			buildSettings = {
				ASSETCATALOG_COMPILER_APPICON_NAME = AppIcon;
				INFOPLIST_FILE = getItWrong/Info.plist;
				LD_RUNPATH_SEARCH_PATHS = "$(inherited) @executable_path/Frameworks";
				PRODUCT_BUNDLE_IDENTIFIER = com.luke.getItWrong;
				PRODUCT_NAME = "$(TARGET_NAME)";
			};
			name = Release;
		};
		3C6F1AAC1BE2A68500F310C9 /* Debug */ = {
			isa = XCBuildConfiguration;
			buildSettings = {
				BUNDLE_LOADER = "$(TEST_HOST)";
				INFOPLIST_FILE = getItWrongTests/Info.plist;
				LD_RUNPATH_SEARCH_PATHS = "$(inherited) @executable_path/Frameworks @loader_path/Frameworks";
				PRODUCT_BUNDLE_IDENTIFIER = com.luke.getItWrongTests;
				PRODUCT_NAME = "$(TARGET_NAME)";
				TEST_HOST = "$(BUILT_PRODUCTS_DIR)/getItWrong.app/getItWrong";
			};
			name = Debug;
		};
		3C6F1AAD1BE2A68500F310C9 /* Release */ = {
			isa = XCBuildConfiguration;
			buildSettings = {
				BUNDLE_LOADER = "$(TEST_HOST)";
				INFOPLIST_FILE = getItWrongTests/Info.plist;
				LD_RUNPATH_SEARCH_PATHS = "$(inherited) @executable_path/Frameworks @loader_path/Frameworks";
				PRODUCT_BUNDLE_IDENTIFIER = com.luke.getItWrongTests;
				PRODUCT_NAME = "$(TARGET_NAME)";
				TEST_HOST = "$(BUILT_PRODUCTS_DIR)/getItWrong.app/getItWrong";
			};
			name = Release;
		};
		3C6F1AAF1BE2A68500F310C9 /* Debug */ = {
			isa = XCBuildConfiguration;
			buildSettings = {
				INFOPLIST_FILE = getItWrongUITests/Info.plist;
				LD_RUNPATH_SEARCH_PATHS = "$(inherited) @executable_path/Frameworks @loader_path/Frameworks";
				PRODUCT_BUNDLE_IDENTIFIER = com.luke.getItWrongUITests;
				PRODUCT_NAME = "$(TARGET_NAME)";
				TEST_TARGET_NAME = getItWrong;
				USES_XCTRUNNER = YES;
			};
			name = Debug;
		};
		3C6F1AB01BE2A68500F310C9 /* Release */ = {
			isa = XCBuildConfiguration;
			buildSettings = {
				INFOPLIST_FILE = getItWrongUITests/Info.plist;
				LD_RUNPATH_SEARCH_PATHS = "$(inherited) @executable_path/Frameworks @loader_path/Frameworks";
				PRODUCT_BUNDLE_IDENTIFIER = com.luke.getItWrongUITests;
				PRODUCT_NAME = "$(TARGET_NAME)";
				TEST_TARGET_NAME = getItWrong;
				USES_XCTRUNNER = YES;
			};
			name = Release;
		};
/* End XCBuildConfiguration section */

/* Begin XCConfigurationList section */
		3C6F1A761BE2A68500F310C9 /* Build configuration list for PBXProject "getItWrong" */ = {
			isa = XCConfigurationList;
			buildConfigurations = (
				3C6F1AA61BE2A68500F310C9 /* Debug */,
				3C6F1AA71BE2A68500F310C9 /* Release */,
			);
			defaultConfigurationIsVisible = 0;
			defaultConfigurationName = Release;
		};
		3C6F1AA81BE2A68500F310C9 /* Build configuration list for PBXNativeTarget "getItWrong" */ = {
			isa = XCConfigurationList;
			buildConfigurations = (
				3C6F1AA91BE2A68500F310C9 /* Debug */,
				3C6F1AAA1BE2A68500F310C9 /* Release */,
			);
			defaultConfigurationIsVisible = 0;
		};
		3C6F1AAB1BE2A68500F310C9 /* Build configuration list for PBXNativeTarget "getItWrongTests" */ = {
			isa = XCConfigurationList;
			buildConfigurations = (
				3C6F1AAC1BE2A68500F310C9 /* Debug */,
				3C6F1AAD1BE2A68500F310C9 /* Release */,
			);
			defaultConfigurationIsVisible = 0;
		};
		3C6F1AAE1BE2A68500F310C9 /* Build configuration list for PBXNativeTarget "getItWrongUITests" */ = {
			isa = XCConfigurationList;
			buildConfigurations = (
				3C6F1AAF1BE2A68500F310C9 /* Debug */,
				3C6F1AB01BE2A68500F310C9 /* Release */,
			);
			defaultConfigurationIsVisible = 0;
		};
/* End XCConfigurationList section */
	};
	rootObject = 3C6F1A731BE2A68500F310C9 /* Project object */;
}
